
Microsoft Visual Studio Solution File, Format Version 12.00
# Visual Studio Version 16
VisualStudioVersion = 16.0.30104.148
MinimumVisualStudioVersion = 10.0.40219.1
Project("{9A19103F-16F7-4668-BE54-9A1E7A4F7556}") = "pagoTypes", "pagoTypes.csproj", "{77412288-6F98-4265-9361-52724842D116}"
EndProject
Global
	GlobalSection(SolutionConfigurationPlatforms) = preSolution
		Debug|Any CPU = Debug|Any CPU
		Release|Any CPU = Release|Any CPU
	EndGlobalSection
	GlobalSection(ProjectConfigurationPlatforms) = postSolution
		{77412288-6F98-4265-9361-52724842D116}.Debug|Any CPU.ActiveCfg = Debug|Any CPU
		{77412288-6F98-4265-9361-52724842D116}.Debug|Any CPU.Build.0 = Debug|Any CPU
		{77412288-6F98-4265-9361-52724842D116}.Release|Any CPU.ActiveCfg = Release|Any CPU
		{77412288-6F98-4265-9361-52724842D116}.Release|Any CPU.Build.0 = Release|Any CPU
	EndGlobalSection
	GlobalSection(SolutionProperties) = preSolution
		HideSolutionNode = FALSE
	EndGlobalSection
	GlobalSection(ExtensibilityGlobals) = postSolution
		SolutionGuid = {AAE0597E-3945-4DFA-9965-1291D5E6E236}
	EndGlobalSection
EndGlobal
